
Microsoft Visual Studio Solution File, Format Version 12.00
# Visual Studio Version 17
VisualStudioVersion = 17.0.31903.59
MinimumVisualStudioVersion = 10.0.40219.1
Project("{2150E333-8FDC-42A3-9474-1A3956D46DE8}") = "src", "src", "{827E0CD3-B72D-47B6-A68D-7590B98EB39B}"
EndProject
Project("{FAE04EC0-301F-11D3-BF4B-00C04F79EFBC}") = "CarRental.Api", "src\CarRental.Api\CarRental.Api.csproj", "{83F0E609-A12A-4099-90D7-7E8348D0F0FF}"
EndProject
Project("{FAE04EC0-301F-11D3-BF4B-00C04F79EFBC}") = "CarRental.Application", "src\CarRental.Application\CarRental.Application.csproj", "{77F44410-0243-4EE4-BE71-54054F518E16}"
EndProject
Project("{FAE04EC0-301F-11D3-BF4B-00C04F79EFBC}") = "CarRental.Domain", "src\CarRental.Domain\CarRental.Domain.csproj", "{5901CD48-2C6D-4586-9956-0D783AA31BE7}"
EndProject
Project("{FAE04EC0-301F-11D3-BF4B-00C04F79EFBC}") = "CarRental.Infrastructure", "src\CarRental.Infrastructure\CarRental.Infrastructure.csproj", "{2C224675-F93C-4A14-81C4-3D5AB04B44FB}"
EndProject
Project("{2150E333-8FDC-42A3-9474-1A3956D46DE8}") = "tests", "tests", "{0AB3BF05-4346-4AA6-1389-037BE0695223}"
EndProject
Project("{FAE04EC0-301F-11D3-BF4B-00C04F79EFBC}") = "CarRental.Domain.Tests", "tests\CarRental.Domain.Tests\CarRental.Domain.Tests.csproj", "{61B33AA9-3E7C-4BEA-91D6-BCA3B774576A}"
EndProject
Project("{FAE04EC0-301F-11D3-BF4B-00C04F79EFBC}") = "CarRental.Application.Tests", "tests\CarRental.Application.Tests\CarRental.Application.Tests.csproj", "{64469ED9-0C20-4A44-8AC8-202393591D4F}"
EndProject
Project("{FAE04EC0-301F-11D3-BF4B-00C04F79EFBC}") = "CarRental.IntegrationTests", "tests\CarRental.IntegrationTests\CarRental.IntegrationTests.csproj", "{653AF4E8-0F58-45CA-9CF2-25FE6A1724E8}"
EndProject
Global
	GlobalSection(SolutionConfigurationPlatforms) = preSolution
		Debug|Any CPU = Debug|Any CPU
		Debug|x64 = Debug|x64
		Debug|x86 = Debug|x86
		Release|Any CPU = Release|Any CPU
		Release|x64 = Release|x64
		Release|x86 = Release|x86
	EndGlobalSection
	GlobalSection(ProjectConfigurationPlatforms) = postSolution
		{83F0E609-A12A-4099-90D7-7E8348D0F0FF}.Debug|Any CPU.ActiveCfg = Debug|Any CPU
		{83F0E609-A12A-4099-90D7-7E8348D0F0FF}.Debug|Any CPU.Build.0 = Debug|Any CPU
		{83F0E609-A12A-4099-90D7-7E8348D0F0FF}.Debug|x64.ActiveCfg = Debug|Any CPU
		{83F0E609-A12A-4099-90D7-7E8348D0F0FF}.Debug|x64.Build.0 = Debug|Any CPU
		{83F0E609-A12A-4099-90D7-7E8348D0F0FF}.Debug|x86.ActiveCfg = Debug|Any CPU
		{83F0E609-A12A-4099-90D7-7E8348D0F0FF}.Debug|x86.Build.0 = Debug|Any CPU
		{83F0E609-A12A-4099-90D7-7E8348D0F0FF}.Release|Any CPU.ActiveCfg = Release|Any CPU
		{83F0E609-A12A-4099-90D7-7E8348D0F0FF}.Release|Any CPU.Build.0 = Release|Any CPU
		{83F0E609-A12A-4099-90D7-7E8348D0F0FF}.Release|x64.ActiveCfg = Release|Any CPU
		{83F0E609-A12A-4099-90D7-7E8348D0F0FF}.Release|x64.Build.0 = Release|Any CPU
		{83F0E609-A12A-4099-90D7-7E8348D0F0FF}.Release|x86.ActiveCfg = Release|Any CPU
		{83F0E609-A12A-4099-90D7-7E8348D0F0FF}.Release|x86.Build.0 = Release|Any CPU
		{77F44410-0243-4EE4-BE71-54054F518E16}.Debug|Any CPU.ActiveCfg = Debug|Any CPU
		{77F44410-0243-4EE4-BE71-54054F518E16}.Debug|Any CPU.Build.0 = Debug|Any CPU
		{77F44410-0243-4EE4-BE71-54054F518E16}.Debug|x64.ActiveCfg = Debug|Any CPU
		{77F44410-0243-4EE4-BE71-54054F518E16}.Debug|x64.Build.0 = Debug|Any CPU
		{77F44410-0243-4EE4-BE71-54054F518E16}.Debug|x86.ActiveCfg = Debug|Any CPU
		{77F44410-0243-4EE4-BE71-54054F518E16}.Debug|x86.Build.0 = Debug|Any CPU
		{77F44410-0243-4EE4-BE71-54054F518E16}.Release|Any CPU.ActiveCfg = Release|Any CPU
		{77F44410-0243-4EE4-BE71-54054F518E16}.Release|Any CPU.Build.0 = Release|Any CPU
		{77F44410-0243-4EE4-BE71-54054F518E16}.Release|x64.ActiveCfg = Release|Any CPU
		{77F44410-0243-4EE4-BE71-54054F518E16}.Release|x64.Build.0 = Release|Any CPU
		{77F44410-0243-4EE4-BE71-54054F518E16}.Release|x86.ActiveCfg = Release|Any CPU
		{77F44410-0243-4EE4-BE71-54054F518E16}.Release|x86.Build.0 = Release|Any CPU
		{5901CD48-2C6D-4586-9956-0D783AA31BE7}.Debug|Any CPU.ActiveCfg = Debug|Any CPU
		{5901CD48-2C6D-4586-9956-0D783AA31BE7}.Debug|Any CPU.Build.0 = Debug|Any CPU
		{5901CD48-2C6D-4586-9956-0D783AA31BE7}.Debug|x64.ActiveCfg = Debug|Any CPU
		{5901CD48-2C6D-4586-9956-0D783AA31BE7}.Debug|x64.Build.0 = Debug|Any CPU
		{5901CD48-2C6D-4586-9956-0D783AA31BE7}.Debug|x86.ActiveCfg = Debug|Any CPU
		{5901CD48-2C6D-4586-9956-0D783AA31BE7}.Debug|x86.Build.0 = Debug|Any CPU
		{5901CD48-2C6D-4586-9956-0D783AA31BE7}.Release|Any CPU.ActiveCfg = Release|Any CPU
		{5901CD48-2C6D-4586-9956-0D783AA31BE7}.Release|Any CPU.Build.0 = Release|Any CPU
		{5901CD48-2C6D-4586-9956-0D783AA31BE7}.Release|x64.ActiveCfg = Release|Any CPU
		{5901CD48-2C6D-4586-9956-0D783AA31BE7}.Release|x64.Build.0 = Release|Any CPU
		{5901CD48-2C6D-4586-9956-0D783AA31BE7}.Release|x86.ActiveCfg = Release|Any CPU
		{5901CD48-2C6D-4586-9956-0D783AA31BE7}.Release|x86.Build.0 = Release|Any CPU
		{2C224675-F93C-4A14-81C4-3D5AB04B44FB}.Debug|Any CPU.ActiveCfg = Debug|Any CPU
		{2C224675-F93C-4A14-81C4-3D5AB04B44FB}.Debug|Any CPU.Build.0 = Debug|Any CPU
		{2C224675-F93C-4A14-81C4-3D5AB04B44FB}.Debug|x64.ActiveCfg = Debug|Any CPU
		{2C224675-F93C-4A14-81C4-3D5AB04B44FB}.Debug|x64.Build.0 = Debug|Any CPU
		{2C224675-F93C-4A14-81C4-3D5AB04B44FB}.Debug|x86.ActiveCfg = Debug|Any CPU
		{2C224675-F93C-4A14-81C4-3D5AB04B44FB}.Debug|x86.Build.0 = Debug|Any CPU
		{2C224675-F93C-4A14-81C4-3D5AB04B44FB}.Release|Any CPU.ActiveCfg = Release|Any CPU
		{2C224675-F93C-4A14-81C4-3D5AB04B44FB}.Release|Any CPU.Build.0 = Release|Any CPU
		{2C224675-F93C-4A14-81C4-3D5AB04B44FB}.Release|x64.ActiveCfg = Release|Any CPU
		{2C224675-F93C-4A14-81C4-3D5AB04B44FB}.Release|x64.Build.0 = Release|Any CPU
		{2C224675-F93C-4A14-81C4-3D5AB04B44FB}.Release|x86.ActiveCfg = Release|Any CPU
		{2C224675-F93C-4A14-81C4-3D5AB04B44FB}.Release|x86.Build.0 = Release|Any CPU
		{61B33AA9-3E7C-4BEA-91D6-BCA3B774576A}.Debug|Any CPU.ActiveCfg = Debug|Any CPU
		{61B33AA9-3E7C-4BEA-91D6-BCA3B774576A}.Debug|Any CPU.Build.0 = Debug|Any CPU
		{61B33AA9-3E7C-4BEA-91D6-BCA3B774576A}.Debug|x64.ActiveCfg = Debug|Any CPU
		{61B33AA9-3E7C-4BEA-91D6-BCA3B774576A}.Debug|x64.Build.0 = Debug|Any CPU
		{61B33AA9-3E7C-4BEA-91D6-BCA3B774576A}.Debug|x86.ActiveCfg = Debug|Any CPU
		{61B33AA9-3E7C-4BEA-91D6-BCA3B774576A}.Debug|x86.Build.0 = Debug|Any CPU
		{61B33AA9-3E7C-4BEA-91D6-BCA3B774576A}.Release|Any CPU.ActiveCfg = Release|Any CPU
		{61B33AA9-3E7C-4BEA-91D6-BCA3B774576A}.Release|Any CPU.Build.0 = Release|Any CPU
		{61B33AA9-3E7C-4BEA-91D6-BCA3B774576A}.Release|x64.ActiveCfg = Release|Any CPU
		{61B33AA9-3E7C-4BEA-91D6-BCA3B774576A}.Release|x64.Build.0 = Release|Any CPU
		{61B33AA9-3E7C-4BEA-91D6-BCA3B774576A}.Release|x86.ActiveCfg = Release|Any CPU
		{61B33AA9-3E7C-4BEA-91D6-BCA3B774576A}.Release|x86.Build.0 = Release|Any CPU
		{64469ED9-0C20-4A44-8AC8-202393591D4F}.Debug|Any CPU.ActiveCfg = Debug|Any CPU
		{64469ED9-0C20-4A44-8AC8-202393591D4F}.Debug|Any CPU.Build.0 = Debug|Any CPU
		{64469ED9-0C20-4A44-8AC8-202393591D4F}.Debug|x64.ActiveCfg = Debug|Any CPU
		{64469ED9-0C20-4A44-8AC8-202393591D4F}.Debug|x64.Build.0 = Debug|Any CPU
		{64469ED9-0C20-4A44-8AC8-202393591D4F}.Debug|x86.ActiveCfg = Debug|Any CPU
		{64469ED9-0C20-4A44-8AC8-202393591D4F}.Debug|x86.Build.0 = Debug|Any CPU
		{64469ED9-0C20-4A44-8AC8-202393591D4F}.Release|Any CPU.ActiveCfg = Release|Any CPU
		{64469ED9-0C20-4A44-8AC8-202393591D4F}.Release|Any CPU.Build.0 = Release|Any CPU
		{64469ED9-0C20-4A44-8AC8-202393591D4F}.Release|x64.ActiveCfg = Release|Any CPU
		{64469ED9-0C20-4A44-8AC8-202393591D4F}.Release|x64.Build.0 = Release|Any CPU
		{64469ED9-0C20-4A44-8AC8-202393591D4F}.Release|x86.ActiveCfg = Release|Any CPU
		{64469ED9-0C20-4A44-8AC8-202393591D4F}.Release|x86.Build.0 = Release|Any CPU
		{653AF4E8-0F58-45CA-9CF2-25FE6A1724E8}.Debug|Any CPU.ActiveCfg = Debug|Any CPU
		{653AF4E8-0F58-45CA-9CF2-25FE6A1724E8}.Debug|Any CPU.Build.0 = Debug|Any CPU
		{653AF4E8-0F58-45CA-9CF2-25FE6A1724E8}.Debug|x64.ActiveCfg = Debug|Any CPU
		{653AF4E8-0F58-45CA-9CF2-25FE6A1724E8}.Debug|x64.Build.0 = Debug|Any CPU
		{653AF4E8-0F58-45CA-9CF2-25FE6A1724E8}.Debug|x86.ActiveCfg = Debug|Any CPU
		{653AF4E8-0F58-45CA-9CF2-25FE6A1724E8}.Debug|x86.Build.0 = Debug|Any CPU
		{653AF4E8-0F58-45CA-9CF2-25FE6A1724E8}.Release|Any CPU.ActiveCfg = Release|Any CPU
		{653AF4E8-0F58-45CA-9CF2-25FE6A1724E8}.Release|Any CPU.Build.0 = Release|Any CPU
		{653AF4E8-0F58-45CA-9CF2-25FE6A1724E8}.Release|x64.ActiveCfg = Release|Any CPU
		{653AF4E8-0F58-45CA-9CF2-25FE6A1724E8}.Release|x64.Build.0 = Release|Any CPU
		{653AF4E8-0F58-45CA-9CF2-25FE6A1724E8}.Release|x86.ActiveCfg = Release|Any CPU
		{653AF4E8-0F58-45CA-9CF2-25FE6A1724E8}.Release|x86.Build.0 = Release|Any CPU
	EndGlobalSection
	GlobalSection(SolutionProperties) = preSolution
		HideSolutionNode = FALSE
	EndGlobalSection
	GlobalSection(NestedProjects) = preSolution
		{83F0E609-A12A-4099-90D7-7E8348D0F0FF} = {827E0CD3-B72D-47B6-A68D-7590B98EB39B}
		{77F44410-0243-4EE4-BE71-54054F518E16} = {827E0CD3-B72D-47B6-A68D-7590B98EB39B}
		{5901CD48-2C6D-4586-9956-0D783AA31BE7} = {827E0CD3-B72D-47B6-A68D-7590B98EB39B}
		{2C224675-F93C-4A14-81C4-3D5AB04B44FB} = {827E0CD3-B72D-47B6-A68D-7590B98EB39B}
		{61B33AA9-3E7C-4BEA-91D6-BCA3B774576A} = {0AB3BF05-4346-4AA6-1389-037BE0695223}
		{64469ED9-0C20-4A44-8AC8-202393591D4F} = {0AB3BF05-4346-4AA6-1389-037BE0695223}
		{653AF4E8-0F58-45CA-9CF2-25FE6A1724E8} = {0AB3BF05-4346-4AA6-1389-037BE0695223}
	EndGlobalSection
EndGlobal
